
Microsoft Visual Studio Solution File, Format Version 12.00
# Visual Studio 15
VisualStudioVersion = 15.0.28307.329
MinimumVisualStudioVersion = 10.0.40219.1
Project("{FAE04EC0-301F-11D3-BF4B-00C04F79EFBC}") = "NEL.llvm", "NEL.llvm\NEL.llvm.csproj", "{C3109A44-F7BE-41D4-A1C8-6F3DE33BA1F5}"
EndProject
Global
	GlobalSection(SolutionConfigurationPlatforms) = preSolution
		Debug|Any CPU = Debug|Any CPU
		Release|Any CPU = Release|Any CPU
	EndGlobalSection
	GlobalSection(ProjectConfigurationPlatforms) = postSolution
		{C3109A44-F7BE-41D4-A1C8-6F3DE33BA1F5}.Debug|Any CPU.ActiveCfg = Debug|Any CPU
		{C3109A44-F7BE-41D4-A1C8-6F3DE33BA1F5}.Debug|Any CPU.Build.0 = Debug|Any CPU
		{C3109A44-F7BE-41D4-A1C8-6F3DE33BA1F5}.Release|Any CPU.ActiveCfg = Release|Any CPU
		{C3109A44-F7BE-41D4-A1C8-6F3DE33BA1F5}.Release|Any CPU.Build.0 = Release|Any CPU
	EndGlobalSection
	GlobalSection(SolutionProperties) = preSolution
		HideSolutionNode = FALSE
	EndGlobalSection
	GlobalSection(ExtensibilityGlobals) = postSolution
		SolutionGuid = {3371DABC-1B34-46BB-B760-B3ABEAEC521F}
	EndGlobalSection
EndGlobal
